
Microsoft Visual Studio Solution File, Format Version 12.00
# Visual Studio Version 16
VisualStudioVersion = 16.0.30517.126
MinimumVisualStudioVersion = 10.0.40219.1
Project("{FAE04EC0-301F-11D3-BF4B-00C04F79EFBC}") = "ProjecteRobot", "ProjecteRobot\ProjecteRobot.csproj", "{EF89F3CC-8663-4EEA-A163-648E2BB1C995}"
EndProject
Global
	GlobalSection(SolutionConfigurationPlatforms) = preSolution
		Debug|Any CPU = Debug|Any CPU
		Release|Any CPU = Release|Any CPU
	EndGlobalSection
	GlobalSection(ProjectConfigurationPlatforms) = postSolution
		{EF89F3CC-8663-4EEA-A163-648E2BB1C995}.Debug|Any CPU.ActiveCfg = Debug|Any CPU
		{EF89F3CC-8663-4EEA-A163-648E2BB1C995}.Debug|Any CPU.Build.0 = Debug|Any CPU
		{EF89F3CC-8663-4EEA-A163-648E2BB1C995}.Release|Any CPU.ActiveCfg = Release|Any CPU
		{EF89F3CC-8663-4EEA-A163-648E2BB1C995}.Release|Any CPU.Build.0 = Release|Any CPU
	EndGlobalSection
	GlobalSection(SolutionProperties) = preSolution
		HideSolutionNode = FALSE
	EndGlobalSection
	GlobalSection(ExtensibilityGlobals) = postSolution
		SolutionGuid = {7B43BA4A-073E-4FC4-BE16-AEB633D3DA3F}
	EndGlobalSection
EndGlobal
